# This file is automatically @generated by Poetry 1.5.3 and should not be changed by hand.

[[package]]
name = "telegram"
version = "0.0.1"
description = "Telegram APIs"
optional = false
python-versions = "*"
files = [
    {file = "telegram-0.0.1.tar.gz", hash = "sha256:d405a0af4c868a8dbeae6d03e297e21c7ee6269e11e2ed3810e15544aba02591"},
]

[metadata]
lock-version = "2.0"
python-versions = ">=3.10.0,<3.11"
content-hash = "74adfd647c2e75e496fad84a3bf8f4a14f37dc3d017ed8315c7fe3906eafafa2"
